{
    "_readme": [
        "This file locks the dependencies of your project to a known state",
        "Read more about it at https://getcomposer.org/doc/01-basic-usage.md#composer-lock-the-lock-file",
        "This file is @generated automatically"
    ],
    "content-hash": "c6c8507fab76c22a454f5fc387aa1a9f",
    "packages": [
        {
            "name": "erorus/db2",
            "version": "dev-master",
            "source": {
                "type": "git",
                "url": "https://github.com/erorus/db2.git",
                "reference": "d303559180e8465a2c6d04fd0bfa0631edd2d0b8"
            },
            "dist": {
                "type": "zip",
                "url": "https://api.github.com/repos/erorus/db2/zipball/d303559180e8465a2c6d04fd0bfa0631edd2d0b8",
                "reference": "d303559180e8465a2c6d04fd0bfa0631edd2d0b8",
                "shasum": ""
            },
            "require": {
                "ext-curl": "*",
                "ext-gmp": "*",
                "ext-mbstring": "*"
            },
            "type": "library",
            "autoload": {
                "psr-4": {
                    "Erorus\\DB2\\": "src/Erorus/DB2/"
                }
            },
            "license": [
                "Apache-2.0"
            ],
            "authors": [
                {
                    "name": "Erorus",
                    "email": "github@theunderminejournal.com"
                }
            ],
            "description": "DB2 Reader for World of Warcraft data files",
            "homepage": "https://github.com/erorus/db2",
            "support": {
                "source": "https://github.com/erorus/db2/tree/master",
                "issues": "https://github.com/erorus/db2/issues"
            },
            "time": "2020-12-09T01:30:17+00:00"
        }
    ],
    "packages-dev": [],
    "aliases": [],
    "minimum-stability": "dev",
    "stability-flags": {
        "erorus/db2": 20
    },
    "prefer-stable": false,
    "prefer-lowest": false,
    "platform": [],
    "platform-dev": []
}
